
Microsoft Visual Studio Solution File, Format Version 12.00
# Visual Studio 2013
VisualStudioVersion = 12.0.21005.1
MinimumVisualStudioVersion = 10.0.40219.1
Project("{FAE04EC0-301F-11D3-BF4B-00C04F79EFBC}") = "CallCenter", "CallCenter\CallCenter.csproj", "{EC649F90-3C52-4B50-A717-887C98B8D139}"
EndProject
Global
	GlobalSection(SolutionConfigurationPlatforms) = preSolution
		Debug|Any CPU = Debug|Any CPU
		Release|Any CPU = Release|Any CPU
	EndGlobalSection
	GlobalSection(ProjectConfigurationPlatforms) = postSolution
		{EC649F90-3C52-4B50-A717-887C98B8D139}.Debug|Any CPU.ActiveCfg = Debug|Any CPU
		{EC649F90-3C52-4B50-A717-887C98B8D139}.Debug|Any CPU.Build.0 = Debug|Any CPU
		{EC649F90-3C52-4B50-A717-887C98B8D139}.Release|Any CPU.ActiveCfg = Release|Any CPU
		{EC649F90-3C52-4B50-A717-887C98B8D139}.Release|Any CPU.Build.0 = Release|Any CPU
	EndGlobalSection
	GlobalSection(SolutionProperties) = preSolution
		HideSolutionNode = FALSE
	EndGlobalSection
EndGlobal
